
Microsoft Visual Studio Solution File, Format Version 12.00
# Visual Studio Version 16
VisualStudioVersion = 16.0.29509.3
MinimumVisualStudioVersion = 10.0.40219.1
Project("{FAE04EC0-301F-11D3-BF4B-00C04F79EFBC}") = "bsearch", "bsearch\bsearch.csproj", "{91311A4F-768B-440E-82F5-A7D36DC84934}"
EndProject
Global
	GlobalSection(SolutionConfigurationPlatforms) = preSolution
		Debug|Any CPU = Debug|Any CPU
		Release|Any CPU = Release|Any CPU
	EndGlobalSection
	GlobalSection(ProjectConfigurationPlatforms) = postSolution
		{91311A4F-768B-440E-82F5-A7D36DC84934}.Debug|Any CPU.ActiveCfg = Debug|Any CPU
		{91311A4F-768B-440E-82F5-A7D36DC84934}.Debug|Any CPU.Build.0 = Debug|Any CPU
		{91311A4F-768B-440E-82F5-A7D36DC84934}.Release|Any CPU.ActiveCfg = Release|Any CPU
		{91311A4F-768B-440E-82F5-A7D36DC84934}.Release|Any CPU.Build.0 = Release|Any CPU
	EndGlobalSection
	GlobalSection(SolutionProperties) = preSolution
		HideSolutionNode = FALSE
	EndGlobalSection
	GlobalSection(ExtensibilityGlobals) = postSolution
		SolutionGuid = {F464BA3C-BFAB-453D-B8EC-58A3B3C0E99F}
	EndGlobalSection
EndGlobal
